{
  "name": "@tsonic/globals-pure",
  "version": "0.3.10",
  "lockfileVersion": 3,
  "requires": true,
  "packages": {
    "": {
      "name": "@tsonic/globals-pure",
      "version": "0.3.10",
      "license": "MIT",
      "dependencies": {
        "@tsonic/dotnet-pure": "0.8.8"
      },
      "devDependencies": {
        "typescript": "5.9.3"
      }
    },
    "node_modules/@tsonic/core": {
      "version": "0.6.2",
      "resolved": "https://registry.npmjs.org/@tsonic/core/-/core-0.6.2.tgz",
      "integrity": "sha512-aF2S6HSI4ZpSvEzLcLN7K0fF+loyDSmLiObh660vu+jjHXfQWDvC4nTIltxcw2utPeCUU2rNtRqFHdzS/j//wQ==",
      "license": "MIT",
      "peer": true
    },
    "node_modules/@tsonic/dotnet-pure": {
      "version": "0.8.8",
      "resolved": "https://registry.npmjs.org/@tsonic/dotnet-pure/-/dotnet-pure-0.8.8.tgz",
      "integrity": "sha512-HRUhZ3FvW5k4iTcNLLOvjjv2/nAKR/kz79jatHaaur7Unzy1XRNVkI7htG2jU8p8O0hIVM4sDjC93LCV/smrhA==",
      "license": "MIT",
      "peerDependencies": {
        "@tsonic/core": "^0.6.0"
      }
    },
    "node_modules/typescript": {
      "version": "5.9.3",
      "resolved": "https://registry.npmjs.org/typescript/-/typescript-5.9.3.tgz",
      "integrity": "sha512-jl1vZzPDinLr9eUt3J/t7V6FgNEw9QjvBPdysz9KfQDD41fQrC2Y4vKQdiaUpFT4bXlb1RHhLpp8wtm6M5TgSw==",
      "dev": true,
      "license": "Apache-2.0",
      "bin": {
        "tsc": "bin/tsc",
        "tsserver": "bin/tsserver"
      },
      "engines": {
        "node": ">=14.17"
      }
    }
  }
}
